
Microsoft Visual Studio Solution File, Format Version 12.00
# Visual Studio 15
Project("{FAE04EC0-301F-11D3-BF4B-00C04F79EFBC}") = "Assembly-CSharp", "Assembly-CSharp.csproj", "{C64E55AC-31E4-9CB3-DE1A-BA0CD7A53F15}"
EndProject
Global
	GlobalSection(SolutionConfigurationPlatforms) = preSolution
		Debug|Any CPU = Debug|Any CPU
		Release|Any CPU = Release|Any CPU
	EndGlobalSection
	GlobalSection(ProjectConfigurationPlatforms) = postSolution
		{C64E55AC-31E4-9CB3-DE1A-BA0CD7A53F15}.Debug|Any CPU.ActiveCfg = Debug|Any CPU
		{C64E55AC-31E4-9CB3-DE1A-BA0CD7A53F15}.Debug|Any CPU.Build.0 = Debug|Any CPU
		{C64E55AC-31E4-9CB3-DE1A-BA0CD7A53F15}.Release|Any CPU.ActiveCfg = Release|Any CPU
		{C64E55AC-31E4-9CB3-DE1A-BA0CD7A53F15}.Release|Any CPU.Build.0 = Release|Any CPU
	EndGlobalSection
	GlobalSection(SolutionProperties) = preSolution
		HideSolutionNode = FALSE
	EndGlobalSection
EndGlobal
